// !$*UTF8*$!
{
	archiveVersion = 1;
	classes = {
	};
	objectVersion = 55;
	objects = {

/* Begin PBXBuildFile section */
		10879B522A633AC300DD7FB0 /* AppDelegate.swift in Sources */ = {isa = PBXBuildFile; fileRef = 10879B512A633AC300DD7FB0 /* AppDelegate.swift */; };
		10879B542A633AC300DD7FB0 /* SceneDelegate.swift in Sources */ = {isa = PBXBuildFile; fileRef = 10879B532A633AC300DD7FB0 /* SceneDelegate.swift */; };
		10879B562A633AC300DD7FB0 /* ViewController.swift in Sources */ = {isa = PBXBuildFile; fileRef = 10879B552A633AC300DD7FB0 /* ViewController.swift */; };
		10879B5B2A633AC700DD7FB0 /* Assets.xcassets in Resources */ = {isa = PBXBuildFile; fileRef = 10879B5A2A633AC700DD7FB0 /* Assets.xcassets */; };
		10879B662A633B6000DD7FB0 /* UImageView+Extensions.swift in Sources */ = {isa = PBXBuildFile; fileRef = 10879B652A633B6000DD7FB0 /* UImageView+Extensions.swift */; };
		10879B6B2A633BA600DD7FB0 /* APITarget.swift in Sources */ = {isa = PBXBuildFile; fileRef = 10879B6A2A633BA600DD7FB0 /* APITarget.swift */; };
		10879B6E2A633BD100DD7FB0 /* CharacterResponseModel.swift in Sources */ = {isa = PBXBuildFile; fileRef = 10879B6D2A633BD100DD7FB0 /* CharacterResponseModel.swift */; };
		10879B702A633BFB00DD7FB0 /* NetworkManager.swift in Sources */ = {isa = PBXBuildFile; fileRef = 10879B6F2A633BFB00DD7FB0 /* NetworkManager.swift */; };
		10879B722A633C4500DD7FB0 /* DetailViewController.swift in Sources */ = {isa = PBXBuildFile; fileRef = 10879B712A633C4500DD7FB0 /* DetailViewController.swift */; };
		10879B742A633CDD00DD7FB0 /* CharacterTableViewCell.swift in Sources */ = {isa = PBXBuildFile; fileRef = 10879B732A633CDD00DD7FB0 /* CharacterTableViewCell.swift */; };
		10879B762A633D0C00DD7FB0 /* Character.swift in Sources */ = {isa = PBXBuildFile; fileRef = 10879B752A633D0C00DD7FB0 /* Character.swift */; };
		10879B792A633E2D00DD7FB0 /* Moya in Frameworks */ = {isa = PBXBuildFile; productRef = 10879B782A633E2D00DD7FB0 /* Moya */; };
		10879B7B2A633F6400DD7FB0 /* ErrorView.swift in Sources */ = {isa = PBXBuildFile; fileRef = 10879B7A2A633F6400DD7FB0 /* ErrorView.swift */; };
/* End PBXBuildFile section */

/* Begin PBXFileReference section */
		10879B4E2A633AC300DD7FB0 /* homework5_cleaned.app */ = {isa = PBXFileReference; explicitFileType = wrapper.application; includeInIndex = 0; path = homework5_cleaned.app; sourceTree = BUILT_PRODUCTS_DIR; };
		10879B512A633AC300DD7FB0 /* AppDelegate.swift */ = {isa = PBXFileReference; lastKnownFileType = sourcecode.swift; path = AppDelegate.swift; sourceTree = "<group>"; };
		10879B532A633AC300DD7FB0 /* SceneDelegate.swift */ = {isa = PBXFileReference; lastKnownFileType = sourcecode.swift; path = SceneDelegate.swift; sourceTree = "<group>"; };
		10879B552A633AC300DD7FB0 /* ViewController.swift */ = {isa = PBXFileReference; lastKnownFileType = sourcecode.swift; path = ViewController.swift; sourceTree = "<group>"; };
		10879B5A2A633AC700DD7FB0 /* Assets.xcassets */ = {isa = PBXFileReference; lastKnownFileType = folder.assetcatalog; path = Assets.xcassets; sourceTree = "<group>"; };
		10879B5F2A633AC700DD7FB0 /* Info.plist */ = {isa = PBXFileReference; lastKnownFileType = text.plist.xml; path = Info.plist; sourceTree = "<group>"; };
		10879B652A633B6000DD7FB0 /* UImageView+Extensions.swift */ = {isa = PBXFileReference; lastKnownFileType = sourcecode.swift; path = "UImageView+Extensions.swift"; sourceTree = "<group>"; };
		10879B6A2A633BA600DD7FB0 /* APITarget.swift */ = {isa = PBXFileReference; lastKnownFileType = sourcecode.swift; path = APITarget.swift; sourceTree = "<group>"; };
		10879B6D2A633BD100DD7FB0 /* CharacterResponseModel.swift */ = {isa = PBXFileReference; lastKnownFileType = sourcecode.swift; path = CharacterResponseModel.swift; sourceTree = "<group>"; };
		10879B6F2A633BFB00DD7FB0 /* NetworkManager.swift */ = {isa = PBXFileReference; lastKnownFileType = sourcecode.swift; path = NetworkManager.swift; sourceTree = "<group>"; };
		10879B712A633C4500DD7FB0 /* DetailViewController.swift */ = {isa = PBXFileReference; lastKnownFileType = sourcecode.swift; path = DetailViewController.swift; sourceTree = "<group>"; };
		10879B732A633CDD00DD7FB0 /* CharacterTableViewCell.swift */ = {isa = PBXFileReference; lastKnownFileType = sourcecode.swift; path = CharacterTableViewCell.swift; sourceTree = "<group>"; };
		10879B752A633D0C00DD7FB0 /* Character.swift */ = {isa = PBXFileReference; lastKnownFileType = sourcecode.swift; path = Character.swift; sourceTree = "<group>"; };
		10879B7A2A633F6400DD7FB0 /* ErrorView.swift */ = {isa = PBXFileReference; lastKnownFileType = sourcecode.swift; path = ErrorView.swift; sourceTree = "<group>"; };
/* End PBXFileReference section */

/* Begin PBXFrameworksBuildPhase section */
		10879B4B2A633AC300DD7FB0 /* Frameworks */ = {
			isa = PBXFrameworksBuildPhase;
			buildActionMask = 2147483647;
			files = (
				10879B792A633E2D00DD7FB0 /* Moya in Frameworks */,
			);
			runOnlyForDeploymentPostprocessing = 0;
		};
/* End PBXFrameworksBuildPhase section */

/* Begin PBXGroup section */
		10879B452A633AC300DD7FB0 = {
			isa = PBXGroup;
			children = (
				10879B502A633AC300DD7FB0 /* homework5_cleaned */,
				10879B4F2A633AC300DD7FB0 /* Products */,
			);
			sourceTree = "<group>";
		};
		10879B4F2A633AC300DD7FB0 /* Products */ = {
			isa = PBXGroup;
			children = (
				10879B4E2A633AC300DD7FB0 /* homework5_cleaned.app */,
			);
			name = Products;
			sourceTree = "<group>";
		};
		10879B502A633AC300DD7FB0 /* homework5_cleaned */ = {
			isa = PBXGroup;
			children = (
				10879B6C2A633BB500DD7FB0 /* ResponseModels */,
				10879B692A633B8900DD7FB0 /* ViewControllers */,
				10879B682A633B8100DD7FB0 /* Services */,
				10879B672A633B7600DD7FB0 /* Extensions */,
				10879B512A633AC300DD7FB0 /* AppDelegate.swift */,
				10879B532A633AC300DD7FB0 /* SceneDelegate.swift */,
				10879B5A2A633AC700DD7FB0 /* Assets.xcassets */,
				10879B5F2A633AC700DD7FB0 /* Info.plist */,
				10879B732A633CDD00DD7FB0 /* CharacterTableViewCell.swift */,
				10879B752A633D0C00DD7FB0 /* Character.swift */,
				10879B7A2A633F6400DD7FB0 /* ErrorView.swift */,
			);
			path = homework5_cleaned;
			sourceTree = "<group>";
		};
		10879B672A633B7600DD7FB0 /* Extensions */ = {
			isa = PBXGroup;
			children = (
				10879B652A633B6000DD7FB0 /* UImageView+Extensions.swift */,
			);
			path = Extensions;
			sourceTree = "<group>";
		};
		10879B682A633B8100DD7FB0 /* Services */ = {
			isa = PBXGroup;
			children = (
				10879B6A2A633BA600DD7FB0 /* APITarget.swift */,
				10879B6F2A633BFB00DD7FB0 /* NetworkManager.swift */,
			);
			path = Services;
			sourceTree = "<group>";
		};
		10879B692A633B8900DD7FB0 /* ViewControllers */ = {
			isa = PBXGroup;
			children = (
				10879B552A633AC300DD7FB0 /* ViewController.swift */,
				10879B712A633C4500DD7FB0 /* DetailViewController.swift */,
			);
			path = ViewControllers;
			sourceTree = "<group>";
		};
		10879B6C2A633BB500DD7FB0 /* ResponseModels */ = {
			isa = PBXGroup;
			children = (
				10879B6D2A633BD100DD7FB0 /* CharacterResponseModel.swift */,
			);
			path = ResponseModels;
			sourceTree = "<group>";
		};
/* End PBXGroup section */

/* Begin PBXNativeTarget section */
		10879B4D2A633AC300DD7FB0 /* homework5_cleaned */ = {
			isa = PBXNativeTarget;
			buildConfigurationList = 10879B622A633AC700DD7FB0 /* Build configuration list for PBXNativeTarget "homework5_cleaned" */;
			buildPhases = (
				10879B4A2A633AC300DD7FB0 /* Sources */,
				10879B4B2A633AC300DD7FB0 /* Frameworks */,
				10879B4C2A633AC300DD7FB0 /* Resources */,
			);
			buildRules = (
			);
			dependencies = (
			);
			name = homework5_cleaned;
			packageProductDependencies = (
				10879B782A633E2D00DD7FB0 /* Moya */,
			);
			productName = homework5_cleaned;
			productReference = 10879B4E2A633AC300DD7FB0 /* homework5_cleaned.app */;
			productType = "com.apple.product-type.application";
		};
/* End PBXNativeTarget section */

/* Begin PBXProject section */
		10879B462A633AC300DD7FB0 /* Project object */ = {
			isa = PBXProject;
			attributes = {
				BuildIndependentTargetsInParallel = 1;
				LastSwiftUpdateCheck = 1300;
				LastUpgradeCheck = 1300;
				TargetAttributes = {
					10879B4D2A633AC300DD7FB0 = {
						CreatedOnToolsVersion = 13.0;
					};
				};
			};
			buildConfigurationList = 10879B492A633AC300DD7FB0 /* Build configuration list for PBXProject "homework5_cleaned" */;
			compatibilityVersion = "Xcode 13.0";
			developmentRegion = en;
			hasScannedForEncodings = 0;
			knownRegions = (
				en,
				Base,
			);
			mainGroup = 10879B452A633AC300DD7FB0;
			packageReferences = (
				10879B772A633E2D00DD7FB0 /* XCRemoteSwiftPackageReference "Moya" */,
			);
			productRefGroup = 10879B4F2A633AC300DD7FB0 /* Products */;
			projectDirPath = "";
			projectRoot = "";
			targets = (
				10879B4D2A633AC300DD7FB0 /* homework5_cleaned */,
			);
		};
/* End PBXProject section */

/* Begin PBXResourcesBuildPhase section */
		10879B4C2A633AC300DD7FB0 /* Resources */ = {
			isa = PBXResourcesBuildPhase;
			buildActionMask = 2147483647;
			files = (
				10879B5B2A633AC700DD7FB0 /* Assets.xcassets in Resources */,
			);
			runOnlyForDeploymentPostprocessing = 0;
		};
/* End PBXResourcesBuildPhase section */

/* Begin PBXSourcesBuildPhase section */
		10879B4A2A633AC300DD7FB0 /* Sources */ = {
			isa = PBXSourcesBuildPhase;
			buildActionMask = 2147483647;
			files = (
				10879B6E2A633BD100DD7FB0 /* CharacterResponseModel.swift in Sources */,
				10879B662A633B6000DD7FB0 /* UImageView+Extensions.swift in Sources */,
				10879B742A633CDD00DD7FB0 /* CharacterTableViewCell.swift in Sources */,
				10879B562A633AC300DD7FB0 /* ViewController.swift in Sources */,
				10879B702A633BFB00DD7FB0 /* NetworkManager.swift in Sources */,
				10879B522A633AC300DD7FB0 /* AppDelegate.swift in Sources */,
				10879B6B2A633BA600DD7FB0 /* APITarget.swift in Sources */,
				10879B762A633D0C00DD7FB0 /* Character.swift in Sources */,
				10879B542A633AC300DD7FB0 /* SceneDelegate.swift in Sources */,
				10879B722A633C4500DD7FB0 /* DetailViewController.swift in Sources */,
				10879B7B2A633F6400DD7FB0 /* ErrorView.swift in Sources */,
			);
			runOnlyForDeploymentPostprocessing = 0;
		};
/* End PBXSourcesBuildPhase section */

/* Begin XCBuildConfiguration section */
		10879B602A633AC700DD7FB0 /* Debug */ = {
			isa = XCBuildConfiguration;
			buildSettings = {
				ALWAYS_SEARCH_USER_PATHS = NO;
				CLANG_ANALYZER_NONNULL = YES;
				CLANG_ANALYZER_NUMBER_OBJECT_CONVERSION = YES_AGGRESSIVE;
				CLANG_CXX_LANGUAGE_STANDARD = "gnu++17";
				CLANG_CXX_LIBRARY = "libc++";
				CLANG_ENABLE_MODULES = YES;
				CLANG_ENABLE_OBJC_ARC = YES;
				CLANG_ENABLE_OBJC_WEAK = YES;
				CLANG_WARN_BLOCK_CAPTURE_AUTORELEASING = YES;
				CLANG_WARN_BOOL_CONVERSION = YES;
				CLANG_WARN_COMMA = YES;
				CLANG_WARN_CONSTANT_CONVERSION = YES;
				CLANG_WARN_DEPRECATED_OBJC_IMPLEMENTATIONS = YES;
				CLANG_WARN_DIRECT_OBJC_ISA_USAGE = YES_ERROR;
				CLANG_WARN_DOCUMENTATION_COMMENTS = YES;
				CLANG_WARN_EMPTY_BODY = YES;
				CLANG_WARN_ENUM_CONVERSION = YES;
				CLANG_WARN_INFINITE_RECURSION = YES;
				CLANG_WARN_INT_CONVERSION = YES;
				CLANG_WARN_NON_LITERAL_NULL_CONVERSION = YES;
				CLANG_WARN_OBJC_IMPLICIT_RETAIN_SELF = YES;
				CLANG_WARN_OBJC_LITERAL_CONVERSION = YES;
				CLANG_WARN_OBJC_ROOT_CLASS = YES_ERROR;
				CLANG_WARN_QUOTED_INCLUDE_IN_FRAMEWORK_HEADER = YES;
				CLANG_WARN_RANGE_LOOP_ANALYSIS = YES;
				CLANG_WARN_STRICT_PROTOTYPES = YES;
				CLANG_WARN_SUSPICIOUS_MOVE = YES;
				CLANG_WARN_UNGUARDED_AVAILABILITY = YES_AGGRESSIVE;
				CLANG_WARN_UNREACHABLE_CODE = YES;
				CLANG_WARN__DUPLICATE_METHOD_MATCH = YES;
				COPY_PHASE_STRIP = NO;
				DEBUG_INFORMATION_FORMAT = dwarf;
				ENABLE_STRICT_OBJC_MSGSEND = YES;
				ENABLE_TESTABILITY = YES;
				GCC_C_LANGUAGE_STANDARD = gnu11;
				GCC_DYNAMIC_NO_PIC = NO;
				GCC_NO_COMMON_BLOCKS = YES;
				GCC_OPTIMIZATION_LEVEL = 0;
				GCC_PREPROCESSOR_DEFINITIONS = (
					"DEBUG=1",
					"$(inherited)",
				);
				GCC_WARN_64_TO_32_BIT_CONVERSION = YES;
				GCC_WARN_ABOUT_RETURN_TYPE = YES_ERROR;
				GCC_WARN_UNDECLARED_SELECTOR = YES;
				GCC_WARN_UNINITIALIZED_AUTOS = YES_AGGRESSIVE;
				GCC_WARN_UNUSED_FUNCTION = YES;
				GCC_WARN_UNUSED_VARIABLE = YES;
				IPHONEOS_DEPLOYMENT_TARGET = 15.0;
				MTL_ENABLE_DEBUG_INFO = INCLUDE_SOURCE;
				MTL_FAST_MATH = YES;
				ONLY_ACTIVE_ARCH = YES;
				SDKROOT = iphoneos;
				SWIFT_ACTIVE_COMPILATION_CONDITIONS = DEBUG;
				SWIFT_OPTIMIZATION_LEVEL = "-Onone";
			};
			name = Debug;
		};
		10879B612A633AC700DD7FB0 /* Release */ = {
			isa = XCBuildConfiguration;
			buildSettings = {
				ALWAYS_SEARCH_USER_PATHS = NO;
				CLANG_ANALYZER_NONNULL = YES;
				CLANG_ANALYZER_NUMBER_OBJECT_CONVERSION = YES_AGGRESSIVE;
				CLANG_CXX_LANGUAGE_STANDARD = "gnu++17";
				CLANG_CXX_LIBRARY = "libc++";
				CLANG_ENABLE_MODULES = YES;
				CLANG_ENABLE_OBJC_ARC = YES;
				CLANG_ENABLE_OBJC_WEAK = YES;
				CLANG_WARN_BLOCK_CAPTURE_AUTORELEASING = YES;
				CLANG_WARN_BOOL_CONVERSION = YES;
				CLANG_WARN_COMMA = YES;
				CLANG_WARN_CONSTANT_CONVERSION = YES;
				CLANG_WARN_DEPRECATED_OBJC_IMPLEMENTATIONS = YES;
				CLANG_WARN_DIRECT_OBJC_ISA_USAGE = YES_ERROR;
				CLANG_WARN_DOCUMENTATION_COMMENTS = YES;
				CLANG_WARN_EMPTY_BODY = YES;
				CLANG_WARN_ENUM_CONVERSION = YES;
				CLANG_WARN_INFINITE_RECURSION = YES;
				CLANG_WARN_INT_CONVERSION = YES;
				CLANG_WARN_NON_LITERAL_NULL_CONVERSION = YES;
				CLANG_WARN_OBJC_IMPLICIT_RETAIN_SELF = YES;
				CLANG_WARN_OBJC_LITERAL_CONVERSION = YES;
				CLANG_WARN_OBJC_ROOT_CLASS = YES_ERROR;
				CLANG_WARN_QUOTED_INCLUDE_IN_FRAMEWORK_HEADER = YES;
				CLANG_WARN_RANGE_LOOP_ANALYSIS = YES;
				CLANG_WARN_STRICT_PROTOTYPES = YES;
				CLANG_WARN_SUSPICIOUS_MOVE = YES;
				CLANG_WARN_UNGUARDED_AVAILABILITY = YES_AGGRESSIVE;
				CLANG_WARN_UNREACHABLE_CODE = YES;
				CLANG_WARN__DUPLICATE_METHOD_MATCH = YES;
				COPY_PHASE_STRIP = NO;
				DEBUG_INFORMATION_FORMAT = "dwarf-with-dsym";
				ENABLE_NS_ASSERTIONS = NO;
				ENABLE_STRICT_OBJC_MSGSEND = YES;
				GCC_C_LANGUAGE_STANDARD = gnu11;
				GCC_NO_COMMON_BLOCKS = YES;
				GCC_WARN_64_TO_32_BIT_CONVERSION = YES;
				GCC_WARN_ABOUT_RETURN_TYPE = YES_ERROR;
				GCC_WARN_UNDECLARED_SELECTOR = YES;
				GCC_WARN_UNINITIALIZED_AUTOS = YES_AGGRESSIVE;
				GCC_WARN_UNUSED_FUNCTION = YES;
				GCC_WARN_UNUSED_VARIABLE = YES;
				IPHONEOS_DEPLOYMENT_TARGET = 15.0;
				MTL_ENABLE_DEBUG_INFO = NO;
				MTL_FAST_MATH = YES;
				SDKROOT = iphoneos;
				SWIFT_COMPILATION_MODE = wholemodule;
				SWIFT_OPTIMIZATION_LEVEL = "-O";
				VALIDATE_PRODUCT = YES;
			};
			name = Release;
		};
		10879B632A633AC700DD7FB0 /* Debug */ = {
			isa = XCBuildConfiguration;
			buildSettings = {
				ASSETCATALOG_COMPILER_APPICON_NAME = AppIcon;
				ASSETCATALOG_COMPILER_GLOBAL_ACCENT_COLOR_NAME = AccentColor;
				CODE_SIGN_STYLE = Automatic;
				CURRENT_PROJECT_VERSION = 1;
				GENERATE_INFOPLIST_FILE = YES;
				INFOPLIST_FILE = homework5_cleaned/Info.plist;
				INFOPLIST_KEY_UIApplicationSupportsIndirectInputEvents = YES;
				INFOPLIST_KEY_UILaunchStoryboardName = LaunchScreen;
				INFOPLIST_KEY_UISupportedInterfaceOrientations_iPad = "UIInterfaceOrientationPortrait UIInterfaceOrientationPortraitUpsideDown UIInterfaceOrientationLandscapeLeft UIInterfaceOrientationLandscapeRight";
				INFOPLIST_KEY_UISupportedInterfaceOrientations_iPhone = "UIInterfaceOrientationPortrait UIInterfaceOrientationLandscapeLeft UIInterfaceOrientationLandscapeRight";
				LD_RUNPATH_SEARCH_PATHS = (
					"$(inherited)",
					"@executable_path/Frameworks",
				);
				MARKETING_VERSION = 1.0;
				PRODUCT_BUNDLE_IDENTIFIER = "innopolis-university.homework5-cleaned";
				PRODUCT_NAME = "$(TARGET_NAME)";
				SWIFT_EMIT_LOC_STRINGS = YES;
				SWIFT_VERSION = 5.0;
				TARGETED_DEVICE_FAMILY = "1,2";
			};
			name = Debug;
		};
		10879B642A633AC700DD7FB0 /* Release */ = {
			isa = XCBuildConfiguration;
			buildSettings = {
				ASSETCATALOG_COMPILER_APPICON_NAME = AppIcon;
				ASSETCATALOG_COMPILER_GLOBAL_ACCENT_COLOR_NAME = AccentColor;
				CODE_SIGN_STYLE = Automatic;
				CURRENT_PROJECT_VERSION = 1;
				GENERATE_INFOPLIST_FILE = YES;
				INFOPLIST_FILE = homework5_cleaned/Info.plist;
				INFOPLIST_KEY_UIApplicationSupportsIndirectInputEvents = YES;
				INFOPLIST_KEY_UILaunchStoryboardName = LaunchScreen;
				INFOPLIST_KEY_UISupportedInterfaceOrientations_iPad = "UIInterfaceOrientationPortrait UIInterfaceOrientationPortraitUpsideDown UIInterfaceOrientationLandscapeLeft UIInterfaceOrientationLandscapeRight";
				INFOPLIST_KEY_UISupportedInterfaceOrientations_iPhone = "UIInterfaceOrientationPortrait UIInterfaceOrientationLandscapeLeft UIInterfaceOrientationLandscapeRight";
				LD_RUNPATH_SEARCH_PATHS = (
					"$(inherited)",
					"@executable_path/Frameworks",
				);
				MARKETING_VERSION = 1.0;
				PRODUCT_BUNDLE_IDENTIFIER = "innopolis-university.homework5-cleaned";
				PRODUCT_NAME = "$(TARGET_NAME)";
				SWIFT_EMIT_LOC_STRINGS = YES;
				SWIFT_VERSION = 5.0;
				TARGETED_DEVICE_FAMILY = "1,2";
			};
			name = Release;
		};
/* End XCBuildConfiguration section */

/* Begin XCConfigurationList section */
		10879B492A633AC300DD7FB0 /* Build configuration list for PBXProject "homework5_cleaned" */ = {
			isa = XCConfigurationList;
			buildConfigurations = (
				10879B602A633AC700DD7FB0 /* Debug */,
				10879B612A633AC700DD7FB0 /* Release */,
			);
			defaultConfigurationIsVisible = 0;
			defaultConfigurationName = Release;
		};
		10879B622A633AC700DD7FB0 /* Build configuration list for PBXNativeTarget "homework5_cleaned" */ = {
			isa = XCConfigurationList;
			buildConfigurations = (
				10879B632A633AC700DD7FB0 /* Debug */,
				10879B642A633AC700DD7FB0 /* Release */,
			);
			defaultConfigurationIsVisible = 0;
			defaultConfigurationName = Release;
		};
/* End XCConfigurationList section */

/* Begin XCRemoteSwiftPackageReference section */
		10879B772A633E2D00DD7FB0 /* XCRemoteSwiftPackageReference "Moya" */ = {
			isa = XCRemoteSwiftPackageReference;
			repositoryURL = "https://github.com/Moya/Moya";
			requirement = {
				branch = master;
				kind = branch;
			};
		};
/* End XCRemoteSwiftPackageReference section */

/* Begin XCSwiftPackageProductDependency section */
		10879B782A633E2D00DD7FB0 /* Moya */ = {
			isa = XCSwiftPackageProductDependency;
			package = 10879B772A633E2D00DD7FB0 /* XCRemoteSwiftPackageReference "Moya" */;
			productName = Moya;
		};
/* End XCSwiftPackageProductDependency section */
	};
	rootObject = 10879B462A633AC300DD7FB0 /* Project object */;
}
